// !$*UTF8*$!
{
	archiveVersion = 1;
	classes = {
	};
	objectVersion = 46;
	objects = {

/* Begin PBXBuildFile section */
		023B39991C00CA9800614D8C /* ToolsCell.m in Sources */ = {isa = PBXBuildFile; fileRef = 023B39981C00CA9800614D8C /* ToolsCell.m */; };
		023B399C1C00D7F600614D8C /* EditTrackTVC.m in Sources */ = {isa = PBXBuildFile; fileRef = 023B399B1C00D7F600614D8C /* EditTrackTVC.m */; };
		023B399F1C00D88000614D8C /* InputNameCell.m in Sources */ = {isa = PBXBuildFile; fileRef = 023B399E1C00D88000614D8C /* InputNameCell.m */; };
		023B39A21C00D89A00614D8C /* CommonCell.m in Sources */ = {isa = PBXBuildFile; fileRef = 023B39A11C00D89A00614D8C /* CommonCell.m */; };
		023B39A51C00D8B100614D8C /* OneBtnCell.m in Sources */ = {isa = PBXBuildFile; fileRef = 023B39A41C00D8B100614D8C /* OneBtnCell.m */; };
		0243CB071C0170B8005EF685 /* CDPath+CoreDataProperties.m in Sources */ = {isa = PBXBuildFile; fileRef = 0243CAEC1C0170B8005EF685 /* CDPath+CoreDataProperties.m */; };
		0243CB081C0170B8005EF685 /* CDPath.m in Sources */ = {isa = PBXBuildFile; fileRef = 0243CAEE1C0170B8005EF685 /* CDPath.m */; };
		0243CB091C0170B8005EF685 /* CDPointMark+CoreDataProperties.m in Sources */ = {isa = PBXBuildFile; fileRef = 0243CAF01C0170B8005EF685 /* CDPointMark+CoreDataProperties.m */; };
		0243CB0A1C0170B8005EF685 /* CDPointMark.m in Sources */ = {isa = PBXBuildFile; fileRef = 0243CAF21C0170B8005EF685 /* CDPointMark.m */; };
		0243CB0B1C0170B8005EF685 /* CDPhotoMark+CoreDataProperties.m in Sources */ = {isa = PBXBuildFile; fileRef = 0243CAF41C0170B8005EF685 /* CDPhotoMark+CoreDataProperties.m */; };
		0243CB0C1C0170B8005EF685 /* CDPhotoMark.m in Sources */ = {isa = PBXBuildFile; fileRef = 0243CAF61C0170B8005EF685 /* CDPhotoMark.m */; };
		0243CB0D1C0170B8005EF685 /* CDStyle+CoreDataProperties.m in Sources */ = {isa = PBXBuildFile; fileRef = 0243CAF81C0170B8005EF685 /* CDStyle+CoreDataProperties.m */; };
		0243CB0E1C0170B8005EF685 /* CDStyle.m in Sources */ = {isa = PBXBuildFile; fileRef = 0243CAFA1C0170B8005EF685 /* CDStyle.m */; };
		0243CB0F1C0170B8005EF685 /* CDTrackList+CoreDataProperties.m in Sources */ = {isa = PBXBuildFile; fileRef = 0243CAFC1C0170B8005EF685 /* CDTrackList+CoreDataProperties.m */; };
		0243CB101C0170B8005EF685 /* CDTrackList.m in Sources */ = {isa = PBXBuildFile; fileRef = 0243CAFE1C0170B8005EF685 /* CDTrackList.m */; };
		0243CB111C0170B8005EF685 /* CDLocalStorage+CoreDataProperties.m in Sources */ = {isa = PBXBuildFile; fileRef = 0243CB001C0170B8005EF685 /* CDLocalStorage+CoreDataProperties.m */; };
		0243CB121C0170B8005EF685 /* CDLocalStorage.m in Sources */ = {isa = PBXBuildFile; fileRef = 0243CB021C0170B8005EF685 /* CDLocalStorage.m */; };
		0243CB131C0170B8005EF685 /* CDCoordinate+CoreDataProperties.m in Sources */ = {isa = PBXBuildFile; fileRef = 0243CB041C0170B8005EF685 /* CDCoordinate+CoreDataProperties.m */; };
		0243CB141C0170B8005EF685 /* CDCoordinate.m in Sources */ = {isa = PBXBuildFile; fileRef = 0243CB061C0170B8005EF685 /* CDCoordinate.m */; };
		830AAD921BFD6AA70078262B /* UITextField+Addition.m in Sources */ = {isa = PBXBuildFile; fileRef = 830AAD911BFD6AA70078262B /* UITextField+Addition.m */; };
		830AAD981BFD766F0078262B /* MyAlertView.m in Sources */ = {isa = PBXBuildFile; fileRef = 830AAD971BFD766F0078262B /* MyAlertView.m */; };
		83759BA61BEDC5DF00D248BE /* main.m in Sources */ = {isa = PBXBuildFile; fileRef = 83759BA51BEDC5DF00D248BE /* main.m */; };
		83759BA91BEDC5DF00D248BE /* AppDelegate.m in Sources */ = {isa = PBXBuildFile; fileRef = 83759BA81BEDC5DF00D248BE /* AppDelegate.m */; };
		83759BAF1BEDC5DF00D248BE /* Main.storyboard in Resources */ = {isa = PBXBuildFile; fileRef = 83759BAD1BEDC5DF00D248BE /* Main.storyboard */; };
		83759BB41BEDC5DF00D248BE /* Assets.xcassets in Resources */ = {isa = PBXBuildFile; fileRef = 83759BB31BEDC5DF00D248BE /* Assets.xcassets */; };
		83759BB71BEDC5DF00D248BE /* LaunchScreen.storyboard in Resources */ = {isa = PBXBuildFile; fileRef = 83759BB51BEDC5DF00D248BE /* LaunchScreen.storyboard */; };
		83759BBF1BEDC66600D248BE /* InfoPlist.strings in Resources */ = {isa = PBXBuildFile; fileRef = 83759BBE1BEDC66600D248BE /* InfoPlist.strings */; };
		83759BC31BEDC77D00D248BE /* MainTabBarController.m in Sources */ = {isa = PBXBuildFile; fileRef = 83759BC21BEDC77D00D248BE /* MainTabBarController.m */; };
		83759BC61BEDCC9000D248BE /* ToolsViewController.m in Sources */ = {isa = PBXBuildFile; fileRef = 83759BC51BEDCC9000D248BE /* ToolsViewController.m */; };
		83759BC91BEDCCA400D248BE /* MapViewController.m in Sources */ = {isa = PBXBuildFile; fileRef = 83759BC81BEDCCA400D248BE /* MapViewController.m */; };
		83759BCC1BEDCCE500D248BE /* HistoryViewController.m in Sources */ = {isa = PBXBuildFile; fileRef = 83759BCB1BEDCCE500D248BE /* HistoryViewController.m */; };
		83759BCF1BEDCD0700D248BE /* SettingViewController.m in Sources */ = {isa = PBXBuildFile; fileRef = 83759BCE1BEDCD0700D248BE /* SettingViewController.m */; };
		83759BDC1BEDE6F500D248BE /* TraceInfo.m in Sources */ = {isa = PBXBuildFile; fileRef = 83759BDB1BEDE6F500D248BE /* TraceInfo.m */; };
		83759BDF1BEDE7B000D248BE /* MyGlobal.m in Sources */ = {isa = PBXBuildFile; fileRef = 83759BDE1BEDE7B000D248BE /* MyGlobal.m */; };
		83759BE31BEDF3F000D248BE /* LocationMapView.m in Sources */ = {isa = PBXBuildFile; fileRef = 83759BE21BEDF3F000D248BE /* LocationMapView.m */; };
		83759BE61BEDF4E200D248BE /* ChinaMapShift.m in Sources */ = {isa = PBXBuildFile; fileRef = 83759BE51BEDF4E200D248BE /* ChinaMapShift.m */; };
		83759BE91BEE01B100D248BE /* TraceFileListView.m in Sources */ = {isa = PBXBuildFile; fileRef = 83759BE81BEE01B100D248BE /* TraceFileListView.m */; };
		83759BEC1BEE022800D248BE /* DXPopover.m in Sources */ = {isa = PBXBuildFile; fileRef = 83759BEB1BEE022800D248BE /* DXPopover.m */; };
		83BE40C81BF0493700B4CAB4 /* KMLObject.m in Sources */ = {isa = PBXBuildFile; fileRef = 83BE40C71BF0493700B4CAB4 /* KMLObject.m */; };
		83BE40FD1BF0841300B4CAB4 /* CoreDataManager.m in Sources */ = {isa = PBXBuildFile; fileRef = 83BE40FC1BF0841300B4CAB4 /* CoreDataManager.m */; };
		83E2DA7A1BF9D11C00E1B499 /* Track.xcdatamodeld in Sources */ = {isa = PBXBuildFile; fileRef = 83E2DA781BF9D11C00E1B499 /* Track.xcdatamodeld */; };
/* End PBXBuildFile section */

/* Begin PBXFileReference section */
		023B39971C00CA9800614D8C /* ToolsCell.h */ = {isa = PBXFileReference; fileEncoding = 4; lastKnownFileType = sourcecode.c.h; path = ToolsCell.h; sourceTree = "<group>"; };
		023B39981C00CA9800614D8C /* ToolsCell.m */ = {isa = PBXFileReference; fileEncoding = 4; lastKnownFileType = sourcecode.c.objc; path = ToolsCell.m; sourceTree = "<group>"; };
		023B399A1C00D7F600614D8C /* EditTrackTVC.h */ = {isa = PBXFileReference; fileEncoding = 4; lastKnownFileType = sourcecode.c.h; path = EditTrackTVC.h; sourceTree = "<group>"; };
		023B399B1C00D7F600614D8C /* EditTrackTVC.m */ = {isa = PBXFileReference; fileEncoding = 4; lastKnownFileType = sourcecode.c.objc; path = EditTrackTVC.m; sourceTree = "<group>"; };
		023B399D1C00D88000614D8C /* InputNameCell.h */ = {isa = PBXFileReference; fileEncoding = 4; lastKnownFileType = sourcecode.c.h; path = InputNameCell.h; sourceTree = "<group>"; };
		023B399E1C00D88000614D8C /* InputNameCell.m */ = {isa = PBXFileReference; fileEncoding = 4; lastKnownFileType = sourcecode.c.objc; path = InputNameCell.m; sourceTree = "<group>"; };
		023B39A01C00D89A00614D8C /* CommonCell.h */ = {isa = PBXFileReference; fileEncoding = 4; lastKnownFileType = sourcecode.c.h; path = CommonCell.h; sourceTree = "<group>"; };
		023B39A11C00D89A00614D8C /* CommonCell.m */ = {isa = PBXFileReference; fileEncoding = 4; lastKnownFileType = sourcecode.c.objc; path = CommonCell.m; sourceTree = "<group>"; };
		023B39A31C00D8B100614D8C /* OneBtnCell.h */ = {isa = PBXFileReference; fileEncoding = 4; lastKnownFileType = sourcecode.c.h; path = OneBtnCell.h; sourceTree = "<group>"; };
		023B39A41C00D8B100614D8C /* OneBtnCell.m */ = {isa = PBXFileReference; fileEncoding = 4; lastKnownFileType = sourcecode.c.objc; path = OneBtnCell.m; sourceTree = "<group>"; };
		0243CAEB1C0170B8005EF685 /* CDPath+CoreDataProperties.h */ = {isa = PBXFileReference; fileEncoding = 4; lastKnownFileType = sourcecode.c.h; path = "CDPath+CoreDataProperties.h"; sourceTree = "<group>"; };
		0243CAEC1C0170B8005EF685 /* CDPath+CoreDataProperties.m */ = {isa = PBXFileReference; fileEncoding = 4; lastKnownFileType = sourcecode.c.objc; path = "CDPath+CoreDataProperties.m"; sourceTree = "<group>"; };
		0243CAED1C0170B8005EF685 /* CDPath.h */ = {isa = PBXFileReference; fileEncoding = 4; lastKnownFileType = sourcecode.c.h; path = CDPath.h; sourceTree = "<group>"; };
		0243CAEE1C0170B8005EF685 /* CDPath.m */ = {isa = PBXFileReference; fileEncoding = 4; lastKnownFileType = sourcecode.c.objc; path = CDPath.m; sourceTree = "<group>"; };
		0243CAEF1C0170B8005EF685 /* CDPointMark+CoreDataProperties.h */ = {isa = PBXFileReference; fileEncoding = 4; lastKnownFileType = sourcecode.c.h; path = "CDPointMark+CoreDataProperties.h"; sourceTree = "<group>"; };
		0243CAF01C0170B8005EF685 /* CDPointMark+CoreDataProperties.m */ = {isa = PBXFileReference; fileEncoding = 4; lastKnownFileType = sourcecode.c.objc; path = "CDPointMark+CoreDataProperties.m"; sourceTree = "<group>"; };
		0243CAF11C0170B8005EF685 /* CDPointMark.h */ = {isa = PBXFileReference; fileEncoding = 4; lastKnownFileType = sourcecode.c.h; path = CDPointMark.h; sourceTree = "<group>"; };
		0243CAF21C0170B8005EF685 /* CDPointMark.m */ = {isa = PBXFileReference; fileEncoding = 4; lastKnownFileType = sourcecode.c.objc; path = CDPointMark.m; sourceTree = "<group>"; };
		0243CAF31C0170B8005EF685 /* CDPhotoMark+CoreDataProperties.h */ = {isa = PBXFileReference; fileEncoding = 4; lastKnownFileType = sourcecode.c.h; path = "CDPhotoMark+CoreDataProperties.h"; sourceTree = "<group>"; };
		0243CAF41C0170B8005EF685 /* CDPhotoMark+CoreDataProperties.m */ = {isa = PBXFileReference; fileEncoding = 4; lastKnownFileType = sourcecode.c.objc; path = "CDPhotoMark+CoreDataProperties.m"; sourceTree = "<group>"; };
		0243CAF51C0170B8005EF685 /* CDPhotoMark.h */ = {isa = PBXFileReference; fileEncoding = 4; lastKnownFileType = sourcecode.c.h; path = CDPhotoMark.h; sourceTree = "<group>"; };
		0243CAF61C0170B8005EF685 /* CDPhotoMark.m */ = {isa = PBXFileReference; fileEncoding = 4; lastKnownFileType = sourcecode.c.objc; path = CDPhotoMark.m; sourceTree = "<group>"; };
		0243CAF71C0170B8005EF685 /* CDStyle+CoreDataProperties.h */ = {isa = PBXFileReference; fileEncoding = 4; lastKnownFileType = sourcecode.c.h; path = "CDStyle+CoreDataProperties.h"; sourceTree = "<group>"; };
		0243CAF81C0170B8005EF685 /* CDStyle+CoreDataProperties.m */ = {isa = PBXFileReference; fileEncoding = 4; lastKnownFileType = sourcecode.c.objc; path = "CDStyle+CoreDataProperties.m"; sourceTree = "<group>"; };
		0243CAF91C0170B8005EF685 /* CDStyle.h */ = {isa = PBXFileReference; fileEncoding = 4; lastKnownFileType = sourcecode.c.h; path = CDStyle.h; sourceTree = "<group>"; };
		0243CAFA1C0170B8005EF685 /* CDStyle.m */ = {isa = PBXFileReference; fileEncoding = 4; lastKnownFileType = sourcecode.c.objc; path = CDStyle.m; sourceTree = "<group>"; };
		0243CAFB1C0170B8005EF685 /* CDTrackList+CoreDataProperties.h */ = {isa = PBXFileReference; fileEncoding = 4; lastKnownFileType = sourcecode.c.h; path = "CDTrackList+CoreDataProperties.h"; sourceTree = "<group>"; };
		0243CAFC1C0170B8005EF685 /* CDTrackList+CoreDataProperties.m */ = {isa = PBXFileReference; fileEncoding = 4; lastKnownFileType = sourcecode.c.objc; path = "CDTrackList+CoreDataProperties.m"; sourceTree = "<group>"; };
		0243CAFD1C0170B8005EF685 /* CDTrackList.h */ = {isa = PBXFileReference; fileEncoding = 4; lastKnownFileType = sourcecode.c.h; path = CDTrackList.h; sourceTree = "<group>"; };
		0243CAFE1C0170B8005EF685 /* CDTrackList.m */ = {isa = PBXFileReference; fileEncoding = 4; lastKnownFileType = sourcecode.c.objc; path = CDTrackList.m; sourceTree = "<group>"; };
		0243CAFF1C0170B8005EF685 /* CDLocalStorage+CoreDataProperties.h */ = {isa = PBXFileReference; fileEncoding = 4; lastKnownFileType = sourcecode.c.h; path = "CDLocalStorage+CoreDataProperties.h"; sourceTree = "<group>"; };
		0243CB001C0170B8005EF685 /* CDLocalStorage+CoreDataProperties.m */ = {isa = PBXFileReference; fileEncoding = 4; lastKnownFileType = sourcecode.c.objc; path = "CDLocalStorage+CoreDataProperties.m"; sourceTree = "<group>"; };
		0243CB011C0170B8005EF685 /* CDLocalStorage.h */ = {isa = PBXFileReference; fileEncoding = 4; lastKnownFileType = sourcecode.c.h; path = CDLocalStorage.h; sourceTree = "<group>"; };
		0243CB021C0170B8005EF685 /* CDLocalStorage.m */ = {isa = PBXFileReference; fileEncoding = 4; lastKnownFileType = sourcecode.c.objc; path = CDLocalStorage.m; sourceTree = "<group>"; };
		0243CB031C0170B8005EF685 /* CDCoordinate+CoreDataProperties.h */ = {isa = PBXFileReference; fileEncoding = 4; lastKnownFileType = sourcecode.c.h; path = "CDCoordinate+CoreDataProperties.h"; sourceTree = "<group>"; };
		0243CB041C0170B8005EF685 /* CDCoordinate+CoreDataProperties.m */ = {isa = PBXFileReference; fileEncoding = 4; lastKnownFileType = sourcecode.c.objc; path = "CDCoordinate+CoreDataProperties.m"; sourceTree = "<group>"; };
		0243CB051C0170B8005EF685 /* CDCoordinate.h */ = {isa = PBXFileReference; fileEncoding = 4; lastKnownFileType = sourcecode.c.h; path = CDCoordinate.h; sourceTree = "<group>"; };
		0243CB061C0170B8005EF685 /* CDCoordinate.m */ = {isa = PBXFileReference; fileEncoding = 4; lastKnownFileType = sourcecode.c.objc; path = CDCoordinate.m; sourceTree = "<group>"; };
		830AAD901BFD6AA70078262B /* UITextField+Addition.h */ = {isa = PBXFileReference; fileEncoding = 4; lastKnownFileType = sourcecode.c.h; path = "UITextField+Addition.h"; sourceTree = "<group>"; };
		830AAD911BFD6AA70078262B /* UITextField+Addition.m */ = {isa = PBXFileReference; fileEncoding = 4; lastKnownFileType = sourcecode.c.objc; path = "UITextField+Addition.m"; sourceTree = "<group>"; };
		830AAD961BFD766F0078262B /* MyAlertView.h */ = {isa = PBXFileReference; fileEncoding = 4; lastKnownFileType = sourcecode.c.h; path = MyAlertView.h; sourceTree = "<group>"; };
		830AAD971BFD766F0078262B /* MyAlertView.m */ = {isa = PBXFileReference; fileEncoding = 4; lastKnownFileType = sourcecode.c.objc; path = MyAlertView.m; sourceTree = "<group>"; };
		83759BA11BEDC5DF00D248BE /* Track.app */ = {isa = PBXFileReference; explicitFileType = wrapper.application; includeInIndex = 0; path = Track.app; sourceTree = BUILT_PRODUCTS_DIR; };
		83759BA51BEDC5DF00D248BE /* main.m */ = {isa = PBXFileReference; lastKnownFileType = sourcecode.c.objc; path = main.m; sourceTree = "<group>"; };
		83759BA71BEDC5DF00D248BE /* AppDelegate.h */ = {isa = PBXFileReference; lastKnownFileType = sourcecode.c.h; path = AppDelegate.h; sourceTree = "<group>"; };
		83759BA81BEDC5DF00D248BE /* AppDelegate.m */ = {isa = PBXFileReference; lastKnownFileType = sourcecode.c.objc; path = AppDelegate.m; sourceTree = "<group>"; };
		83759BAE1BEDC5DF00D248BE /* Base */ = {isa = PBXFileReference; lastKnownFileType = file.storyboard; name = Base; path = Base.lproj/Main.storyboard; sourceTree = "<group>"; };
		83759BB31BEDC5DF00D248BE /* Assets.xcassets */ = {isa = PBXFileReference; lastKnownFileType = folder.assetcatalog; path = Assets.xcassets; sourceTree = "<group>"; };
		83759BB61BEDC5DF00D248BE /* Base */ = {isa = PBXFileReference; lastKnownFileType = file.storyboard; name = Base; path = Base.lproj/LaunchScreen.storyboard; sourceTree = "<group>"; };
		83759BB81BEDC5DF00D248BE /* Info.plist */ = {isa = PBXFileReference; lastKnownFileType = text.plist.xml; path = Info.plist; sourceTree = "<group>"; };
		83759BBE1BEDC66600D248BE /* InfoPlist.strings */ = {isa = PBXFileReference; fileEncoding = 4; lastKnownFileType = text.plist.strings; path = InfoPlist.strings; sourceTree = "<group>"; };
		83759BC11BEDC77D00D248BE /* MainTabBarController.h */ = {isa = PBXFileReference; fileEncoding = 4; lastKnownFileType = sourcecode.c.h; path = MainTabBarController.h; sourceTree = "<group>"; };
		83759BC21BEDC77D00D248BE /* MainTabBarController.m */ = {isa = PBXFileReference; fileEncoding = 4; lastKnownFileType = sourcecode.c.objc; path = MainTabBarController.m; sourceTree = "<group>"; };
		83759BC41BEDCC9000D248BE /* ToolsViewController.h */ = {isa = PBXFileReference; fileEncoding = 4; lastKnownFileType = sourcecode.c.h; path = ToolsViewController.h; sourceTree = "<group>"; };
		83759BC51BEDCC9000D248BE /* ToolsViewController.m */ = {isa = PBXFileReference; fileEncoding = 4; lastKnownFileType = sourcecode.c.objc; path = ToolsViewController.m; sourceTree = "<group>"; };
		83759BC71BEDCCA400D248BE /* MapViewController.h */ = {isa = PBXFileReference; fileEncoding = 4; lastKnownFileType = sourcecode.c.h; path = MapViewController.h; sourceTree = "<group>"; };
		83759BC81BEDCCA400D248BE /* MapViewController.m */ = {isa = PBXFileReference; fileEncoding = 4; lastKnownFileType = sourcecode.c.objc; path = MapViewController.m; sourceTree = "<group>"; };
		83759BCA1BEDCCE500D248BE /* HistoryViewController.h */ = {isa = PBXFileReference; fileEncoding = 4; lastKnownFileType = sourcecode.c.h; path = HistoryViewController.h; sourceTree = "<group>"; };
		83759BCB1BEDCCE500D248BE /* HistoryViewController.m */ = {isa = PBXFileReference; fileEncoding = 4; lastKnownFileType = sourcecode.c.objc; path = HistoryViewController.m; sourceTree = "<group>"; };
		83759BCD1BEDCD0700D248BE /* SettingViewController.h */ = {isa = PBXFileReference; fileEncoding = 4; lastKnownFileType = sourcecode.c.h; path = SettingViewController.h; sourceTree = "<group>"; };
		83759BCE1BEDCD0700D248BE /* SettingViewController.m */ = {isa = PBXFileReference; fileEncoding = 4; lastKnownFileType = sourcecode.c.objc; path = SettingViewController.m; sourceTree = "<group>"; };
		83759BD01BEDD3A600D248BE /* PrefixHeader.pch */ = {isa = PBXFileReference; lastKnownFileType = sourcecode.c.h; path = PrefixHeader.pch; sourceTree = "<group>"; };
		83759BD31BEDD44A00D248BE /* Constants.h */ = {isa = PBXFileReference; lastKnownFileType = sourcecode.c.h; path = Constants.h; sourceTree = "<group>"; };
		83759BDA1BEDE6F500D248BE /* TraceInfo.h */ = {isa = PBXFileReference; fileEncoding = 4; lastKnownFileType = sourcecode.c.h; path = TraceInfo.h; sourceTree = "<group>"; };
		83759BDB1BEDE6F500D248BE /* TraceInfo.m */ = {isa = PBXFileReference; fileEncoding = 4; lastKnownFileType = sourcecode.c.objc; path = TraceInfo.m; sourceTree = "<group>"; };
		83759BDD1BEDE7B000D248BE /* MyGlobal.h */ = {isa = PBXFileReference; fileEncoding = 4; lastKnownFileType = sourcecode.c.h; path = MyGlobal.h; sourceTree = "<group>"; };
		83759BDE1BEDE7B000D248BE /* MyGlobal.m */ = {isa = PBXFileReference; fileEncoding = 4; lastKnownFileType = sourcecode.c.objc; path = MyGlobal.m; sourceTree = "<group>"; };
		83759BE11BEDF3F000D248BE /* LocationMapView.h */ = {isa = PBXFileReference; fileEncoding = 4; lastKnownFileType = sourcecode.c.h; path = LocationMapView.h; sourceTree = "<group>"; };
		83759BE21BEDF3F000D248BE /* LocationMapView.m */ = {isa = PBXFileReference; fileEncoding = 4; lastKnownFileType = sourcecode.c.objc; path = LocationMapView.m; sourceTree = "<group>"; };
		83759BE41BEDF4E200D248BE /* ChinaMapShift.h */ = {isa = PBXFileReference; fileEncoding = 4; lastKnownFileType = sourcecode.c.h; path = ChinaMapShift.h; sourceTree = "<group>"; };
		83759BE51BEDF4E200D248BE /* ChinaMapShift.m */ = {isa = PBXFileReference; fileEncoding = 4; lastKnownFileType = sourcecode.c.objc; path = ChinaMapShift.m; sourceTree = "<group>"; };
		83759BE71BEE01B100D248BE /* TraceFileListView.h */ = {isa = PBXFileReference; fileEncoding = 4; lastKnownFileType = sourcecode.c.h; path = TraceFileListView.h; sourceTree = "<group>"; };
		83759BE81BEE01B100D248BE /* TraceFileListView.m */ = {isa = PBXFileReference; fileEncoding = 4; lastKnownFileType = sourcecode.c.objc; path = TraceFileListView.m; sourceTree = "<group>"; };
		83759BEA1BEE022800D248BE /* DXPopover.h */ = {isa = PBXFileReference; fileEncoding = 4; lastKnownFileType = sourcecode.c.h; path = DXPopover.h; sourceTree = "<group>"; };
		83759BEB1BEE022800D248BE /* DXPopover.m */ = {isa = PBXFileReference; fileEncoding = 4; lastKnownFileType = sourcecode.c.objc; path = DXPopover.m; sourceTree = "<group>"; };
		83BE40C61BF0493700B4CAB4 /* KMLObject.h */ = {isa = PBXFileReference; fileEncoding = 4; lastKnownFileType = sourcecode.c.h; path = KMLObject.h; sourceTree = "<group>"; };
		83BE40C71BF0493700B4CAB4 /* KMLObject.m */ = {isa = PBXFileReference; fileEncoding = 4; lastKnownFileType = sourcecode.c.objc; path = KMLObject.m; sourceTree = "<group>"; };
		83BE40FB1BF0841300B4CAB4 /* CoreDataManager.h */ = {isa = PBXFileReference; fileEncoding = 4; lastKnownFileType = sourcecode.c.h; path = CoreDataManager.h; sourceTree = "<group>"; };
		83BE40FC1BF0841300B4CAB4 /* CoreDataManager.m */ = {isa = PBXFileReference; fileEncoding = 4; lastKnownFileType = sourcecode.c.objc; path = CoreDataManager.m; sourceTree = "<group>"; };
		83E2DA791BF9D11C00E1B499 /* Track.xcdatamodel */ = {isa = PBXFileReference; lastKnownFileType = wrapper.xcdatamodel; path = Track.xcdatamodel; sourceTree = "<group>"; };
/* End PBXFileReference section */

/* Begin PBXFrameworksBuildPhase section */
		83759B9E1BEDC5DF00D248BE /* Frameworks */ = {
			isa = PBXFrameworksBuildPhase;
			buildActionMask = 2147483647;
			files = (
			);
			runOnlyForDeploymentPostprocessing = 0;
		};
/* End PBXFrameworksBuildPhase section */

/* Begin PBXGroup section */
		023B39961C00CA7600614D8C /* Cells */ = {
			isa = PBXGroup;
			children = (
				023B39971C00CA9800614D8C /* ToolsCell.h */,
				023B39981C00CA9800614D8C /* ToolsCell.m */,
				023B399D1C00D88000614D8C /* InputNameCell.h */,
				023B399E1C00D88000614D8C /* InputNameCell.m */,
				023B39A01C00D89A00614D8C /* CommonCell.h */,
				023B39A11C00D89A00614D8C /* CommonCell.m */,
				023B39A31C00D8B100614D8C /* OneBtnCell.h */,
				023B39A41C00D8B100614D8C /* OneBtnCell.m */,
			);
			name = Cells;
			sourceTree = "<group>";
		};
		830AAD8F1BFD6A9F0078262B /* Tools */ = {
			isa = PBXGroup;
			children = (
				830AAD901BFD6AA70078262B /* UITextField+Addition.h */,
				830AAD911BFD6AA70078262B /* UITextField+Addition.m */,
				830AAD961BFD766F0078262B /* MyAlertView.h */,
				830AAD971BFD766F0078262B /* MyAlertView.m */,
			);
			name = Tools;
			sourceTree = "<group>";
		};
		83759B981BEDC5DF00D248BE = {
			isa = PBXGroup;
			children = (
				83759BA31BEDC5DF00D248BE /* Track */,
				83759BA21BEDC5DF00D248BE /* Products */,
			);
			sourceTree = "<group>";
		};
		83759BA21BEDC5DF00D248BE /* Products */ = {
			isa = PBXGroup;
			children = (
				83759BA11BEDC5DF00D248BE /* Track.app */,
			);
			name = Products;
			sourceTree = "<group>";
		};
		83759BA31BEDC5DF00D248BE /* Track */ = {
			isa = PBXGroup;
			children = (
				83759BA71BEDC5DF00D248BE /* AppDelegate.h */,
				83759BA81BEDC5DF00D248BE /* AppDelegate.m */,
				83759BA41BEDC5DF00D248BE /* Supporting Files */,
				83BE40F91BF0839900B4CAB4 /* CoreData */,
				83759BD21BEDD43D00D248BE /* Global */,
				83759BC01BEDC70400D248BE /* UI */,
			);
			path = Track;
			sourceTree = "<group>";
		};
		83759BA41BEDC5DF00D248BE /* Supporting Files */ = {
			isa = PBXGroup;
			children = (
				83759BA51BEDC5DF00D248BE /* main.m */,
				83759BAD1BEDC5DF00D248BE /* Main.storyboard */,
				83759BB31BEDC5DF00D248BE /* Assets.xcassets */,
				83759BB51BEDC5DF00D248BE /* LaunchScreen.storyboard */,
				83759BD01BEDD3A600D248BE /* PrefixHeader.pch */,
				83759BB81BEDC5DF00D248BE /* Info.plist */,
				83759BBE1BEDC66600D248BE /* InfoPlist.strings */,
			);
			name = "Supporting Files";
			sourceTree = "<group>";
		};
		83759BC01BEDC70400D248BE /* UI */ = {
			isa = PBXGroup;
			children = (
				83759BC11BEDC77D00D248BE /* MainTabBarController.h */,
				83759BC21BEDC77D00D248BE /* MainTabBarController.m */,
				83BE40C61BF0493700B4CAB4 /* KMLObject.h */,
				83BE40C71BF0493700B4CAB4 /* KMLObject.m */,
				023B39961C00CA7600614D8C /* Cells */,
				83759BD41BEDDB2900D248BE /* ToolsView */,
				83759BE01BEDF3CD00D248BE /* MapView */,
				83759BCA1BEDCCE500D248BE /* HistoryViewController.h */,
				83759BCB1BEDCCE500D248BE /* HistoryViewController.m */,
				83759BCD1BEDCD0700D248BE /* SettingViewController.h */,
				83759BCE1BEDCD0700D248BE /* SettingViewController.m */,
			);
			name = UI;
			sourceTree = "<group>";
		};
		83759BD21BEDD43D00D248BE /* Global */ = {
			isa = PBXGroup;
			children = (
				83759BD31BEDD44A00D248BE /* Constants.h */,
				83759BDD1BEDE7B000D248BE /* MyGlobal.h */,
				83759BDE1BEDE7B000D248BE /* MyGlobal.m */,
				83759BDA1BEDE6F500D248BE /* TraceInfo.h */,
				83759BDB1BEDE6F500D248BE /* TraceInfo.m */,
				830AAD8F1BFD6A9F0078262B /* Tools */,
			);
			name = Global;
			sourceTree = "<group>";
		};
		83759BD41BEDDB2900D248BE /* ToolsView */ = {
			isa = PBXGroup;
			children = (
				83759BC41BEDCC9000D248BE /* ToolsViewController.h */,
				83759BC51BEDCC9000D248BE /* ToolsViewController.m */,
				023B399A1C00D7F600614D8C /* EditTrackTVC.h */,
				023B399B1C00D7F600614D8C /* EditTrackTVC.m */,
			);
			name = ToolsView;
			sourceTree = "<group>";
		};
		83759BE01BEDF3CD00D248BE /* MapView */ = {
			isa = PBXGroup;
			children = (
				83759BC71BEDCCA400D248BE /* MapViewController.h */,
				83759BC81BEDCCA400D248BE /* MapViewController.m */,
				83759BE71BEE01B100D248BE /* TraceFileListView.h */,
				83759BE81BEE01B100D248BE /* TraceFileListView.m */,
				83759BE11BEDF3F000D248BE /* LocationMapView.h */,
				83759BE21BEDF3F000D248BE /* LocationMapView.m */,
				83759BE41BEDF4E200D248BE /* ChinaMapShift.h */,
				83759BE51BEDF4E200D248BE /* ChinaMapShift.m */,
				83759BEA1BEE022800D248BE /* DXPopover.h */,
				83759BEB1BEE022800D248BE /* DXPopover.m */,
			);
			name = MapView;
			sourceTree = "<group>";
		};
		83A5EA5B1BFC51C500E4A81F /* Model */ = {
			isa = PBXGroup;
			children = (
				0243CAEB1C0170B8005EF685 /* CDPath+CoreDataProperties.h */,
				0243CAEC1C0170B8005EF685 /* CDPath+CoreDataProperties.m */,
				0243CAED1C0170B8005EF685 /* CDPath.h */,
				0243CAEE1C0170B8005EF685 /* CDPath.m */,
				0243CAEF1C0170B8005EF685 /* CDPointMark+CoreDataProperties.h */,
				0243CAF01C0170B8005EF685 /* CDPointMark+CoreDataProperties.m */,
				0243CAF11C0170B8005EF685 /* CDPointMark.h */,
				0243CAF21C0170B8005EF685 /* CDPointMark.m */,
				0243CAF31C0170B8005EF685 /* CDPhotoMark+CoreDataProperties.h */,
				0243CAF41C0170B8005EF685 /* CDPhotoMark+CoreDataProperties.m */,
				0243CAF51C0170B8005EF685 /* CDPhotoMark.h */,
				0243CAF61C0170B8005EF685 /* CDPhotoMark.m */,
				0243CAF71C0170B8005EF685 /* CDStyle+CoreDataProperties.h */,
				0243CAF81C0170B8005EF685 /* CDStyle+CoreDataProperties.m */,
				0243CAF91C0170B8005EF685 /* CDStyle.h */,
				0243CAFA1C0170B8005EF685 /* CDStyle.m */,
				0243CAFB1C0170B8005EF685 /* CDTrackList+CoreDataProperties.h */,
				0243CAFC1C0170B8005EF685 /* CDTrackList+CoreDataProperties.m */,
				0243CAFD1C0170B8005EF685 /* CDTrackList.h */,
				0243CAFE1C0170B8005EF685 /* CDTrackList.m */,
				0243CAFF1C0170B8005EF685 /* CDLocalStorage+CoreDataProperties.h */,
				0243CB001C0170B8005EF685 /* CDLocalStorage+CoreDataProperties.m */,
				0243CB011C0170B8005EF685 /* CDLocalStorage.h */,
				0243CB021C0170B8005EF685 /* CDLocalStorage.m */,
				0243CB031C0170B8005EF685 /* CDCoordinate+CoreDataProperties.h */,
				0243CB041C0170B8005EF685 /* CDCoordinate+CoreDataProperties.m */,
				0243CB051C0170B8005EF685 /* CDCoordinate.h */,
				0243CB061C0170B8005EF685 /* CDCoordinate.m */,
			);
			path = Model;
			sourceTree = "<group>";
		};
		83BE40F91BF0839900B4CAB4 /* CoreData */ = {
			isa = PBXGroup;
			children = (
				83A5EA5B1BFC51C500E4A81F /* Model */,
				83BE40FB1BF0841300B4CAB4 /* CoreDataManager.h */,
				83BE40FC1BF0841300B4CAB4 /* CoreDataManager.m */,
				83E2DA781BF9D11C00E1B499 /* Track.xcdatamodeld */,
			);
			name = CoreData;
			sourceTree = "<group>";
		};
/* End PBXGroup section */

/* Begin PBXNativeTarget section */
		83759BA01BEDC5DF00D248BE /* Track */ = {
			isa = PBXNativeTarget;
			buildConfigurationList = 83759BBB1BEDC5DF00D248BE /* Build configuration list for PBXNativeTarget "Track" */;
			buildPhases = (
				83759B9D1BEDC5DF00D248BE /* Sources */,
				83759B9E1BEDC5DF00D248BE /* Frameworks */,
				83759B9F1BEDC5DF00D248BE /* Resources */,
			);
			buildRules = (
			);
			dependencies = (
			);
			name = Track;
			productName = Trace;
			productReference = 83759BA11BEDC5DF00D248BE /* Track.app */;
			productType = "com.apple.product-type.application";
		};
/* End PBXNativeTarget section */

/* Begin PBXProject section */
		83759B991BEDC5DF00D248BE /* Project object */ = {
			isa = PBXProject;
			attributes = {
				LastUpgradeCheck = 0710;
				ORGANIZATIONNAME = Wuffy;
				TargetAttributes = {
					83759BA01BEDC5DF00D248BE = {
						CreatedOnToolsVersion = 7.1;
					};
				};
			};
			buildConfigurationList = 83759B9C1BEDC5DF00D248BE /* Build configuration list for PBXProject "Track" */;
			compatibilityVersion = "Xcode 3.2";
			developmentRegion = English;
			hasScannedForEncodings = 0;
			knownRegions = (
				en,
				Base,
			);
			mainGroup = 83759B981BEDC5DF00D248BE;
			productRefGroup = 83759BA21BEDC5DF00D248BE /* Products */;
			projectDirPath = "";
			projectRoot = "";
			targets = (
				83759BA01BEDC5DF00D248BE /* Track */,
			);
		};
/* End PBXProject section */

/* Begin PBXResourcesBuildPhase section */
		83759B9F1BEDC5DF00D248BE /* Resources */ = {
			isa = PBXResourcesBuildPhase;
			buildActionMask = 2147483647;
			files = (
				83759BB71BEDC5DF00D248BE /* LaunchScreen.storyboard in Resources */,
				83759BBF1BEDC66600D248BE /* InfoPlist.strings in Resources */,
				83759BB41BEDC5DF00D248BE /* Assets.xcassets in Resources */,
				83759BAF1BEDC5DF00D248BE /* Main.storyboard in Resources */,
			);
			runOnlyForDeploymentPostprocessing = 0;
		};
/* End PBXResourcesBuildPhase section */

/* Begin PBXSourcesBuildPhase section */
		83759B9D1BEDC5DF00D248BE /* Sources */ = {
			isa = PBXSourcesBuildPhase;
			buildActionMask = 2147483647;
			files = (
				0243CB091C0170B8005EF685 /* CDPointMark+CoreDataProperties.m in Sources */,
				0243CB0E1C0170B8005EF685 /* CDStyle.m in Sources */,
				0243CB101C0170B8005EF685 /* CDTrackList.m in Sources */,
				83759BE91BEE01B100D248BE /* TraceFileListView.m in Sources */,
				0243CB0D1C0170B8005EF685 /* CDStyle+CoreDataProperties.m in Sources */,
				83BE40C81BF0493700B4CAB4 /* KMLObject.m in Sources */,
				83759BC31BEDC77D00D248BE /* MainTabBarController.m in Sources */,
				830AAD921BFD6AA70078262B /* UITextField+Addition.m in Sources */,
				83759BEC1BEE022800D248BE /* DXPopover.m in Sources */,
				0243CB0A1C0170B8005EF685 /* CDPointMark.m in Sources */,
				0243CB131C0170B8005EF685 /* CDCoordinate+CoreDataProperties.m in Sources */,
				0243CB071C0170B8005EF685 /* CDPath+CoreDataProperties.m in Sources */,
				830AAD981BFD766F0078262B /* MyAlertView.m in Sources */,
				83759BDF1BEDE7B000D248BE /* MyGlobal.m in Sources */,
				023B399C1C00D7F600614D8C /* EditTrackTVC.m in Sources */,
				83759BA91BEDC5DF00D248BE /* AppDelegate.m in Sources */,
				0243CB0B1C0170B8005EF685 /* CDPhotoMark+CoreDataProperties.m in Sources */,
				83759BC91BEDCCA400D248BE /* MapViewController.m in Sources */,
				023B399F1C00D88000614D8C /* InputNameCell.m in Sources */,
				83759BE31BEDF3F000D248BE /* LocationMapView.m in Sources */,
				023B39991C00CA9800614D8C /* ToolsCell.m in Sources */,
				0243CB0C1C0170B8005EF685 /* CDPhotoMark.m in Sources */,
				0243CB081C0170B8005EF685 /* CDPath.m in Sources */,
				0243CB121C0170B8005EF685 /* CDLocalStorage.m in Sources */,
				0243CB111C0170B8005EF685 /* CDLocalStorage+CoreDataProperties.m in Sources */,
				83759BA61BEDC5DF00D248BE /* main.m in Sources */,
				0243CB141C0170B8005EF685 /* CDCoordinate.m in Sources */,
				83759BCC1BEDCCE500D248BE /* HistoryViewController.m in Sources */,
				83759BDC1BEDE6F500D248BE /* TraceInfo.m in Sources */,
				023B39A51C00D8B100614D8C /* OneBtnCell.m in Sources */,
				83BE40FD1BF0841300B4CAB4 /* CoreDataManager.m in Sources */,
				83E2DA7A1BF9D11C00E1B499 /* Track.xcdatamodeld in Sources */,
				83759BE61BEDF4E200D248BE /* ChinaMapShift.m in Sources */,
				0243CB0F1C0170B8005EF685 /* CDTrackList+CoreDataProperties.m in Sources */,
				83759BC61BEDCC9000D248BE /* ToolsViewController.m in Sources */,
				023B39A21C00D89A00614D8C /* CommonCell.m in Sources */,
				83759BCF1BEDCD0700D248BE /* SettingViewController.m in Sources */,
			);
			runOnlyForDeploymentPostprocessing = 0;
		};
/* End PBXSourcesBuildPhase section */

/* Begin PBXVariantGroup section */
		83759BAD1BEDC5DF00D248BE /* Main.storyboard */ = {
			isa = PBXVariantGroup;
			children = (
				83759BAE1BEDC5DF00D248BE /* Base */,
			);
			name = Main.storyboard;
			sourceTree = "<group>";
		};
		83759BB51BEDC5DF00D248BE /* LaunchScreen.storyboard */ = {
			isa = PBXVariantGroup;
			children = (
				83759BB61BEDC5DF00D248BE /* Base */,
			);
			name = LaunchScreen.storyboard;
			sourceTree = "<group>";
		};
/* End PBXVariantGroup section */

/* Begin XCBuildConfiguration section */
		83759BB91BEDC5DF00D248BE /* Debug */ = {
			isa = XCBuildConfiguration;
			buildSettings = {
				ALWAYS_SEARCH_USER_PATHS = NO;
				CLANG_CXX_LANGUAGE_STANDARD = "gnu++0x";
				CLANG_CXX_LIBRARY = "libc++";
				CLANG_ENABLE_MODULES = YES;
				CLANG_ENABLE_OBJC_ARC = YES;
				CLANG_WARN_BOOL_CONVERSION = YES;
				CLANG_WARN_CONSTANT_CONVERSION = YES;
				CLANG_WARN_DIRECT_OBJC_ISA_USAGE = YES_ERROR;
				CLANG_WARN_EMPTY_BODY = YES;
				CLANG_WARN_ENUM_CONVERSION = YES;
				CLANG_WARN_INT_CONVERSION = YES;
				CLANG_WARN_OBJC_ROOT_CLASS = YES_ERROR;
				CLANG_WARN_UNREACHABLE_CODE = YES;
				CLANG_WARN__DUPLICATE_METHOD_MATCH = YES;
				"CODE_SIGN_IDENTITY[sdk=iphoneos*]" = "iPhone Developer";
				COPY_PHASE_STRIP = NO;
				DEBUG_INFORMATION_FORMAT = dwarf;
				ENABLE_STRICT_OBJC_MSGSEND = YES;
				ENABLE_TESTABILITY = YES;
				GCC_C_LANGUAGE_STANDARD = gnu99;
				GCC_DYNAMIC_NO_PIC = NO;
				GCC_NO_COMMON_BLOCKS = YES;
				GCC_OPTIMIZATION_LEVEL = 0;
				GCC_PREPROCESSOR_DEFINITIONS = (
					"DEBUG=1",
					"$(inherited)",
				);
				GCC_WARN_64_TO_32_BIT_CONVERSION = YES;
				GCC_WARN_ABOUT_RETURN_TYPE = YES_ERROR;
				GCC_WARN_UNDECLARED_SELECTOR = YES;
				GCC_WARN_UNINITIALIZED_AUTOS = YES_AGGRESSIVE;
				GCC_WARN_UNUSED_FUNCTION = YES;
				GCC_WARN_UNUSED_VARIABLE = YES;
				IPHONEOS_DEPLOYMENT_TARGET = 9.1;
				MTL_ENABLE_DEBUG_INFO = YES;
				ONLY_ACTIVE_ARCH = YES;
				PROVISIONING_PROFILE = "";
				SDKROOT = iphoneos;
			};
			name = Debug;
		};
		83759BBA1BEDC5DF00D248BE /* Release */ = {
			isa = XCBuildConfiguration;
			buildSettings = {
				ALWAYS_SEARCH_USER_PATHS = NO;
				CLANG_CXX_LANGUAGE_STANDARD = "gnu++0x";
				CLANG_CXX_LIBRARY = "libc++";
				CLANG_ENABLE_MODULES = YES;
				CLANG_ENABLE_OBJC_ARC = YES;
				CLANG_WARN_BOOL_CONVERSION = YES;
				CLANG_WARN_CONSTANT_CONVERSION = YES;
				CLANG_WARN_DIRECT_OBJC_ISA_USAGE = YES_ERROR;
				CLANG_WARN_EMPTY_BODY = YES;
				CLANG_WARN_ENUM_CONVERSION = YES;
				CLANG_WARN_INT_CONVERSION = YES;
				CLANG_WARN_OBJC_ROOT_CLASS = YES_ERROR;
				CLANG_WARN_UNREACHABLE_CODE = YES;
				CLANG_WARN__DUPLICATE_METHOD_MATCH = YES;
				"CODE_SIGN_IDENTITY[sdk=iphoneos*]" = "iPhone Developer";
				COPY_PHASE_STRIP = NO;
				DEBUG_INFORMATION_FORMAT = "dwarf-with-dsym";
				ENABLE_NS_ASSERTIONS = NO;
				ENABLE_STRICT_OBJC_MSGSEND = YES;
				GCC_C_LANGUAGE_STANDARD = gnu99;
				GCC_NO_COMMON_BLOCKS = YES;
				GCC_WARN_64_TO_32_BIT_CONVERSION = YES;
				GCC_WARN_ABOUT_RETURN_TYPE = YES_ERROR;
				GCC_WARN_UNDECLARED_SELECTOR = YES;
				GCC_WARN_UNINITIALIZED_AUTOS = YES_AGGRESSIVE;
				GCC_WARN_UNUSED_FUNCTION = YES;
				GCC_WARN_UNUSED_VARIABLE = YES;
				IPHONEOS_DEPLOYMENT_TARGET = 9.1;
				MTL_ENABLE_DEBUG_INFO = NO;
				PROVISIONING_PROFILE = "";
				SDKROOT = iphoneos;
				VALIDATE_PRODUCT = YES;
			};
			name = Release;
		};
		83759BBC1BEDC5DF00D248BE /* Debug */ = {
			isa = XCBuildConfiguration;
			buildSettings = {
				ASSETCATALOG_COMPILER_APPICON_NAME = AppIcon;
				CODE_SIGN_IDENTITY = "iPhone Developer";
				"CODE_SIGN_IDENTITY[sdk=iphoneos*]" = "iPhone Developer";
				GCC_PREFIX_HEADER = $PROJECT_NAME/PrefixHeader.pch;
				INFOPLIST_FILE = Track/Info.plist;
				IPHONEOS_DEPLOYMENT_TARGET = 7.0;
				LD_RUNPATH_SEARCH_PATHS = "$(inherited) @executable_path/Frameworks";
				PRODUCT_BUNDLE_IDENTIFIER = com.iwit2014.Trace;
				PRODUCT_NAME = Track;
				PROVISIONING_PROFILE = "";
			};
			name = Debug;
		};
		83759BBD1BEDC5DF00D248BE /* Release */ = {
			isa = XCBuildConfiguration;
			buildSettings = {
				ASSETCATALOG_COMPILER_APPICON_NAME = AppIcon;
				CODE_SIGN_IDENTITY = "iPhone Developer";
				"CODE_SIGN_IDENTITY[sdk=iphoneos*]" = "iPhone Developer";
				GCC_PREFIX_HEADER = $PROJECT_NAME/PrefixHeader.pch;
				INFOPLIST_FILE = Track/Info.plist;
				IPHONEOS_DEPLOYMENT_TARGET = 7.0;
				LD_RUNPATH_SEARCH_PATHS = "$(inherited) @executable_path/Frameworks";
				PRODUCT_BUNDLE_IDENTIFIER = com.iwit2014.Trace;
				PRODUCT_NAME = Track;
				PROVISIONING_PROFILE = "";
			};
			name = Release;
		};
/* End XCBuildConfiguration section */

/* Begin XCConfigurationList section */
		83759B9C1BEDC5DF00D248BE /* Build configuration list for PBXProject "Track" */ = {
			isa = XCConfigurationList;
			buildConfigurations = (
				83759BB91BEDC5DF00D248BE /* Debug */,
				83759BBA1BEDC5DF00D248BE /* Release */,
			);
			defaultConfigurationIsVisible = 0;
			defaultConfigurationName = Release;
		};
		83759BBB1BEDC5DF00D248BE /* Build configuration list for PBXNativeTarget "Track" */ = {
			isa = XCConfigurationList;
			buildConfigurations = (
				83759BBC1BEDC5DF00D248BE /* Debug */,
				83759BBD1BEDC5DF00D248BE /* Release */,
			);
			defaultConfigurationIsVisible = 0;
			defaultConfigurationName = Release;
		};
/* End XCConfigurationList section */

/* Begin XCVersionGroup section */
		83E2DA781BF9D11C00E1B499 /* Track.xcdatamodeld */ = {
			isa = XCVersionGroup;
			children = (
				83E2DA791BF9D11C00E1B499 /* Track.xcdatamodel */,
			);
			currentVersion = 83E2DA791BF9D11C00E1B499 /* Track.xcdatamodel */;
			path = Track.xcdatamodeld;
			sourceTree = "<group>";
			versionGroupType = wrapper.xcdatamodel;
		};
/* End XCVersionGroup section */
	};
	rootObject = 83759B991BEDC5DF00D248BE /* Project object */;
}
